# Generated by pub
# See https://dart.dev/tools/pub/glossary#lockfile
packages:
  amplify_analytics_pinpoint:
    dependency: "direct main"
    description:
      name: amplify_analytics_pinpoint
      sha256: bf007914b8a02777666c0410fb39610275c6fc1f2a4156eb98889da1cb146c71
      url: "https://pub.dev"
    source: hosted
    version: "1.2.1"
  amplify_analytics_pinpoint_dart:
    dependency: transitive
    description:
      name: amplify_analytics_pinpoint_dart
      sha256: c2e5bf1281597434c3512c27cafac8c13359bec902c2d68876aa8abdfc4f02cb
      url: "https://pub.dev"
    source: hosted
    version: "0.3.0+2"
  amplify_api:
    dependency: "direct main"
    description:
      name: amplify_api
      sha256: "39b7a94d53cbfb51e630838079dd08582c7f1ff483248b20d2124177b35fd34b"
      url: "https://pub.dev"
    source: hosted
    version: "1.2.0"
  amplify_api_dart:
    dependency: transitive
    description:
      name: amplify_api_dart
      sha256: "0cb295fa2805215b0e63cdc8d112bfb7638e4264dd5a1a4e857cdb36c9464846"
      url: "https://pub.dev"
    source: hosted
    version: "0.3.0+1"
  amplify_auth_cognito:
    dependency: "direct main"
    description:
      name: amplify_auth_cognito
      sha256: "522f23b2bfa481a0029b5bdb251dc598c4f69d083a01c7538b5338e546488c1b"
      url: "https://pub.dev"
    source: hosted
    version: "1.2.1"
  amplify_auth_cognito_dart:
    dependency: transitive
    description:
      name: amplify_auth_cognito_dart
      sha256: "149b2373596dc5d17fe452f0991aa21ed3c0f13f13e725757672f0699791d353"
      url: "https://pub.dev"
    source: hosted
    version: "0.10.1+1"
  amplify_core:
    dependency: transitive
    description:
      name: amplify_core
      sha256: "7133f02426e3cf9982f4c1eb4a04cbae3808a92ff6802bc0597e9eed43314a79"
      url: "https://pub.dev"
    source: hosted
    version: "1.2.1"
  amplify_datastore:
    dependency: "direct main"
    description:
      name: amplify_datastore
      sha256: "0a80df1b8c934eeba2ad988196ce27ef0cd0c9f0c975280e049aba46ae249457"
      url: "https://pub.dev"
    source: hosted
    version: "1.2.0-supports-only-mobile+1"
  amplify_datastore_plugin_interface:
    dependency: transitive
    description:
      name: amplify_datastore_plugin_interface
      sha256: bfa66b68d95bacef9662300008f640d5157019619e0cd87c02e9ce56adaa504e
      url: "https://pub.dev"
    source: hosted
    version: "1.2.1"
  amplify_db_common:
    dependency: transitive
    description:
      name: amplify_db_common
      sha256: "795201b673ee706e9d5f09a1e8bccb9d8effe217bdc0746b800b8097fbce0679"
      url: "https://pub.dev"
    source: hosted
    version: "0.3.0+2"
  amplify_db_common_dart:
    dependency: transitive
    description:
      name: amplify_db_common_dart
      sha256: f7ccf56d97bf91eeed5a4f303e22cd731a458cf2b7c896a9ffe4b0edeccb5b88
      url: "https://pub.dev"
    source: hosted
    version: "0.3.0+2"
  amplify_flutter:
    dependency: "direct main"
    description:
      name: amplify_flutter
      sha256: "864383bebc9234a91d4b76192f622115b290f73f35f652e1c2278bf6954386ee"
      url: "https://pub.dev"
    source: hosted
    version: "1.2.1"
  amplify_secure_storage:
    dependency: transitive
    description:
      name: amplify_secure_storage
      sha256: "425a61bc2332cc6bfda378e298412928e3e3b975352b9824822a5baab726ed8c"
      url: "https://pub.dev"
    source: hosted
    version: "0.4.0+2"
  amplify_secure_storage_dart:
    dependency: transitive
    description:
      name: amplify_secure_storage_dart
      sha256: c8f28ba8414b9def2ebc1965c57eac92a56129937e907218be9232c2b7f23fb4
      url: "https://pub.dev"
    source: hosted
    version: "0.4.0+3"
  amplify_storage_s3:
    dependency: "direct main"
    description:
      name: amplify_storage_s3
      sha256: bc9d64113516b4d5a512c694edaa56605179468115a21e663b8cc6ae814b9913
      url: "https://pub.dev"
    source: hosted
    version: "1.2.1"
  amplify_storage_s3_dart:
    dependency: transitive
    description:
      name: amplify_storage_s3_dart
      sha256: "6f58605270cd60db989992405ec92634f08bf937a4a1b2e5183924094f7460e6"
      url: "https://pub.dev"
    source: hosted
    version: "0.3.1+1"
  archive:
    dependency: transitive
    description:
      name: archive
      sha256: "0c8368c9b3f0abbc193b9d6133649a614204b528982bebc7026372d61677ce3a"
      url: "https://pub.dev"
    source: hosted
    version: "3.3.7"
  args:
    dependency: transitive
    description:
      name: args
      sha256: eef6c46b622e0494a36c5a12d10d77fb4e855501a91c1b9ef9339326e58f0596
      url: "https://pub.dev"
    source: hosted
    version: "2.4.2"
  async:
    dependency: transitive
    description:
      name: async
      sha256: "947bfcf187f74dbc5e146c9eb9c0f10c9f8b30743e341481c1e2ed3ecc18c20c"
      url: "https://pub.dev"
    source: hosted
    version: "2.11.0"
  audio_session:
    dependency: transitive
    description:
      name: audio_session
      sha256: "8a2bc5e30520e18f3fb0e366793d78057fb64cd5287862c76af0c8771f2a52ad"
      url: "https://pub.dev"
    source: hosted
    version: "0.1.16"
  audio_video_progress_bar:
    dependency: "direct main"
    description:
      name: audio_video_progress_bar
      sha256: f825c6c63e5bbb527005e8a8fa2a066d99f15a2e6387e56382604d49870c9ff3
      url: "https://pub.dev"
    source: hosted
    version: "0.10.0"
  aws_common:
    dependency: transitive
    description:
      name: aws_common
      sha256: "58bd3c1d5cfa3e34dfacc9c0ea5fd155c5c1398cd0a90e06252aa0c3218fc880"
      url: "https://pub.dev"
    source: hosted
    version: "0.5.0+3"
  aws_signature_v4:
    dependency: transitive
    description:
      name: aws_signature_v4
      sha256: b38da32e6fdec4476957fe441f37cbeb37280de972f18a250d09cee922a7160d
      url: "https://pub.dev"
    source: hosted
    version: "0.4.0+2"
  boolean_selector:
    dependency: transitive
    description:
      name: boolean_selector
      sha256: "6cfb5af12253eaf2b368f07bacc5a80d1301a071c73360d746b7f2e32d762c66"
      url: "https://pub.dev"
    source: hosted
    version: "2.1.1"
  built_collection:
    dependency: transitive
    description:
      name: built_collection
      sha256: "376e3dd27b51ea877c28d525560790aee2e6fbb5f20e2f85d5081027d94e2100"
      url: "https://pub.dev"
    source: hosted
    version: "5.1.1"
  built_value:
    dependency: transitive
    description:
      name: built_value
      sha256: "598a2a682e2a7a90f08ba39c0aaa9374c5112340f0a2e275f61b59389543d166"
      url: "https://pub.dev"
    source: hosted
    version: "8.6.1"
  change_app_package_name:
    dependency: "direct dev"
    description:
      name: change_app_package_name
      sha256: f9ebaf68a4b5a68c581492579bb68273c523ef325fbf9ce2f1b57fb136ad023b
      url: "https://pub.dev"
    source: hosted
    version: "1.1.0"
  characters:
    dependency: transitive
    description:
      name: characters
      sha256: "04a925763edad70e8443c99234dc3328f442e811f1d8fd1a72f1c8ad0f69a605"
      url: "https://pub.dev"
    source: hosted
    version: "1.3.0"
  clock:
    dependency: transitive
    description:
      name: clock
      sha256: cb6d7f03e1de671e34607e909a7213e31d7752be4fb66a86d29fe1eb14bfb5cf
      url: "https://pub.dev"
    source: hosted
    version: "1.1.1"
  collection:
    dependency: transitive
    description:
      name: collection
      sha256: "4a07be6cb69c84d677a6c3096fcf960cc3285a8330b4603e0d463d15d9bd934c"
      url: "https://pub.dev"
    source: hosted
    version: "1.17.1"
  connectivity_plus:
    dependency: transitive
    description:
      name: connectivity_plus
      sha256: "8599ae9edca5ff96163fca3e36f8e481ea917d1e71cdad912c084b5579913f34"
      url: "https://pub.dev"
    source: hosted
    version: "4.0.1"
  connectivity_plus_platform_interface:
    dependency: transitive
    description:
      name: connectivity_plus_platform_interface
      sha256: cf1d1c28f4416f8c654d7dc3cd638ec586076255d407cef3ddbdaf178272a71a
      url: "https://pub.dev"
    source: hosted
    version: "1.2.4"
  convert:
    dependency: transitive
    description:
      name: convert
      sha256: "0f08b14755d163f6e2134cb58222dd25ea2a2ee8a195e53983d57c075324d592"
      url: "https://pub.dev"
    source: hosted
    version: "3.1.1"
  crclib:
    dependency: transitive
    description:
      name: crclib
      sha256: "800f2226cd90c900ddcaaccb79449eabe690627ee8c7046737458f1a2509043d"
      url: "https://pub.dev"
    source: hosted
    version: "3.0.0"
  crypto:
    dependency: transitive
    description:
      name: crypto
      sha256: ff625774173754681d66daaf4a448684fb04b78f902da9cb3d308c19cc5e8bab
      url: "https://pub.dev"
    source: hosted
    version: "3.0.3"
  csslib:
    dependency: transitive
    description:
      name: csslib
      sha256: "706b5707578e0c1b4b7550f64078f0a0f19dec3f50a178ffae7006b0a9ca58fb"
      url: "https://pub.dev"
    source: hosted
    version: "1.0.0"
  cupertino_icons:
    dependency: "direct main"
    description:
      name: cupertino_icons
      sha256: e35129dc44c9118cee2a5603506d823bab99c68393879edb440e0090d07586be
      url: "https://pub.dev"
    source: hosted
    version: "1.0.5"
  dbus:
    dependency: transitive
    description:
      name: dbus
      sha256: "6f07cba3f7b3448d42d015bfd3d53fe12e5b36da2423f23838efc1d5fb31a263"
      url: "https://pub.dev"
    source: hosted
    version: "0.7.8"
  device_info_plus:
    dependency: transitive
    description:
      name: device_info_plus
      sha256: "2c35b6d1682b028e42d07b3aee4b98fa62996c10bc12cb651ec856a80d6a761b"
      url: "https://pub.dev"
    source: hosted
    version: "9.0.2"
  device_info_plus_platform_interface:
    dependency: transitive
    description:
      name: device_info_plus_platform_interface
      sha256: d3b01d5868b50ae571cd1dc6e502fc94d956b665756180f7b16ead09e836fd64
      url: "https://pub.dev"
    source: hosted
    version: "7.0.0"
  docx_template:
    dependency: "direct main"
    description:
      name: docx_template
      sha256: "69dbd025a671dc332bec18757c65bfdce0310afa798c84fc669c561cfe82c1c7"
      url: "https://pub.dev"
    source: hosted
    version: "0.3.4"
  drift:
    dependency: transitive
    description:
      name: drift
      sha256: a8ec4e44b4359ef44eab3d2c2f8e44b41a00c15673b879984484b34d27656ad5
      url: "https://pub.dev"
    source: hosted
    version: "2.9.0"
  facebook_app_events:
    dependency: "direct main"
    description:
      name: facebook_app_events
      sha256: b67b786041686ef564fec025275bae0546bd6c762ee2efa333b0ead7149d6750
      url: "https://pub.dev"
    source: hosted
    version: "0.18.3"
  fake_async:
    dependency: transitive
    description:
      name: fake_async
      sha256: "511392330127add0b769b75a987850d136345d9227c6b94c96a04cf4a391bf78"
      url: "https://pub.dev"
    source: hosted
    version: "1.3.1"
  ffi:
    dependency: transitive
    description:
      name: ffi
      sha256: ed5337a5660c506388a9f012be0288fb38b49020ce2b45fe1f8b8323fe429f99
      url: "https://pub.dev"
    source: hosted
    version: "2.0.2"
  ffmpeg_kit_flutter:
    dependency: "direct main"
    description:
      name: ffmpeg_kit_flutter
      sha256: f631fbf54e8a62ac36d79475280d7a0b042139ffa6662c88cb6896c71f3f0cfa
      url: "https://pub.dev"
    source: hosted
    version: "5.1.0"
  ffmpeg_kit_flutter_platform_interface:
    dependency: transitive
    description:
      name: ffmpeg_kit_flutter_platform_interface
      sha256: addf046ae44e190ad0101b2fde2ad909a3cd08a2a109f6106d2f7048b7abedee
      url: "https://pub.dev"
    source: hosted
    version: "0.2.1"
  file:
    dependency: "direct main"
    description:
      name: file
      sha256: "1b92bec4fc2a72f59a8e15af5f52cd441e4a7860b49499d69dfa817af20e925d"
      url: "https://pub.dev"
    source: hosted
    version: "6.1.4"
  file_picker:
    dependency: "direct main"
    description:
      name: file_picker
      sha256: b1729fc96627dd44012d0a901558177418818d6bd428df59dcfeb594e5f66432
      url: "https://pub.dev"
    source: hosted
    version: "5.3.2"
  fixnum:
    dependency: transitive
    description:
      name: fixnum
      sha256: "25517a4deb0c03aa0f32fd12db525856438902d9c16536311e76cdc57b31d7d1"
      url: "https://pub.dev"
    source: hosted
    version: "1.1.0"
  flash:
    dependency: "direct main"
    description:
      name: flash
      sha256: f110b161dc67e8cf78d3b7ed29a7ea9575a4f97c8725510c3b08b0a1fb3bbda8
      url: "https://pub.dev"
    source: hosted
    version: "2.0.5+1"
  flutter:
    dependency: "direct main"
    description: flutter
    source: sdk
    version: "0.0.0"
  flutter_file_dialog:
    dependency: "direct main"
    description:
      name: flutter_file_dialog
      sha256: fb19d8b7c811a70947344695001e82777921fdc0ed5c80289440f096ae22b10f
      url: "https://pub.dev"
    source: hosted
    version: "2.3.2"
  flutter_launcher_icons:
    dependency: "direct dev"
    description:
      name: flutter_launcher_icons
      sha256: "559c600f056e7c704bd843723c21e01b5fba47e8824bd02422165bcc02a5de1d"
      url: "https://pub.dev"
    source: hosted
    version: "0.9.3"
  flutter_localizations:
    dependency: transitive
    description: flutter
    source: sdk
    version: "0.0.0"
  flutter_plugin_android_lifecycle:
    dependency: transitive
    description:
      name: flutter_plugin_android_lifecycle
      sha256: "950e77c2bbe1692bc0874fc7fb491b96a4dc340457f4ea1641443d0a6c1ea360"
      url: "https://pub.dev"
    source: hosted
    version: "2.0.15"
  flutter_svg:
    dependency: "direct main"
    description:
      name: flutter_svg
      sha256: "6ff9fa12892ae074092de2fa6a9938fb21dbabfdaa2ff57dc697ff912fc8d4b2"
      url: "https://pub.dev"
    source: hosted
    version: "1.1.6"
  flutter_test:
    dependency: "direct dev"
    description: flutter
    source: sdk
    version: "0.0.0"
  flutter_web_plugins:
    dependency: transitive
    description: flutter
    source: sdk
    version: "0.0.0"
  font_awesome_flutter:
    dependency: "direct main"
    description:
      name: font_awesome_flutter
      sha256: "5fb789145cae1f4c3245c58b3f8fb287d055c26323879eab57a7bf0cfd1e45f3"
      url: "https://pub.dev"
    source: hosted
    version: "10.5.0"
  get:
    dependency: "direct main"
    description:
      name: get
      sha256: "2ba20a47c8f1f233bed775ba2dd0d3ac97b4cf32fc17731b3dfc672b06b0e92a"
      url: "https://pub.dev"
    source: hosted
    version: "4.6.5"
  google_fonts:
    dependency: "direct main"
    description:
      name: google_fonts
      sha256: e70521755a6b08c6bde14ddae27dff5bf21010033888fc61da6c595f8a9f58c1
      url: "https://pub.dev"
    source: hosted
    version: "2.3.3"
  graphs:
    dependency: transitive
    description:
      name: graphs
      sha256: aedc5a15e78fc65a6e23bcd927f24c64dd995062bcd1ca6eda65a3cff92a4d19
      url: "https://pub.dev"
    source: hosted
    version: "2.3.1"
  html:
    dependency: "direct main"
    description:
      name: html
      sha256: "3a7812d5bcd2894edf53dfaf8cd640876cf6cef50a8f238745c8b8120ea74d3a"
      url: "https://pub.dev"
    source: hosted
    version: "0.15.4"
  http:
    dependency: "direct main"
    description:
      name: http
      sha256: "5895291c13fa8a3bd82e76d5627f69e0d85ca6a30dcac95c4ea19a5d555879c2"
      url: "https://pub.dev"
    source: hosted
    version: "0.13.6"
  http2:
    dependency: transitive
    description:
      name: http2
      sha256: "38db0c4aa9f1cd238a5d2e86aa0cc7cc91c77e0c6c94ba64bbe85e4ff732a952"
      url: "https://pub.dev"
    source: hosted
    version: "2.2.0"
  http_parser:
    dependency: transitive
    description:
      name: http_parser
      sha256: "2aa08ce0341cc9b354a498388e30986515406668dbcc4f7c950c3e715496693b"
      url: "https://pub.dev"
    source: hosted
    version: "4.0.2"
  image:
    dependency: transitive
    description:
      name: image
      sha256: "8e9d133755c3e84c73288363e6343157c383a0c6c56fc51afcc5d4d7180306d6"
      url: "https://pub.dev"
    source: hosted
    version: "3.3.0"
  in_app_purchase:
    dependency: "direct main"
    description:
      name: in_app_purchase
      sha256: "3e03b982358936b8978cdeb263c984d2959a7713b6b58cdc49993d90f84f5824"
      url: "https://pub.dev"
    source: hosted
    version: "3.1.7"
  in_app_purchase_android:
    dependency: transitive
    description:
      name: in_app_purchase_android
      sha256: "1aafa17dc2fe63261cb3255abcc229a75ecc39a5c81496f2eed499b4ad0280af"
      url: "https://pub.dev"
    source: hosted
    version: "0.3.0+9"
  in_app_purchase_platform_interface:
    dependency: transitive
    description:
      name: in_app_purchase_platform_interface
      sha256: "356a855d5a1f92b0d06a739e702fd732b56ee1914e6ba0f2ba08a2cb8e2cc3f8"
      url: "https://pub.dev"
    source: hosted
    version: "1.3.4"
  in_app_purchase_storekit:
    dependency: transitive
    description:
      name: in_app_purchase_storekit
      sha256: f598169999604d9c40c28bb6f47b58e03c8c498e344cdc015f937a1f528982ab
      url: "https://pub.dev"
    source: hosted
    version: "0.3.6+4"
  infinite_listview:
    dependency: transitive
    description:
      name: infinite_listview
      sha256: f6062c1720eb59be553dfa6b89813d3e8dd2f054538445aaa5edaddfa5195ce6
      url: "https://pub.dev"
    source: hosted
    version: "1.1.0"
  intl:
    dependency: "direct main"
    description:
      name: intl
      sha256: a3715e3bc90294e971cb7dc063fbf3cd9ee0ebf8604ffeafabd9e6f16abbdbe6
      url: "https://pub.dev"
    source: hosted
    version: "0.18.0"
  js:
    dependency: transitive
    description:
      name: js
      sha256: f2c445dce49627136094980615a031419f7f3eb393237e4ecd97ac15dea343f3
      url: "https://pub.dev"
    source: hosted
    version: "0.6.7"
  json_annotation:
    dependency: transitive
    description:
      name: json_annotation
      sha256: b10a7b2ff83d83c777edba3c6a0f97045ddadd56c944e1a23a3fdf43a1bf4467
      url: "https://pub.dev"
    source: hosted
    version: "4.8.1"
  just_audio:
    dependency: "direct main"
    description:
      name: just_audio
      sha256: "890cd0fc41a1a4530c171e375a2a3fb6a09d84e9d508c5195f40bcff54330327"
      url: "https://pub.dev"
    source: hosted
    version: "0.9.34"
  just_audio_platform_interface:
    dependency: transitive
    description:
      name: just_audio_platform_interface
      sha256: d8409da198bbc59426cd45d4c92fca522a2ec269b576ce29459d6d6fcaeb44df
      url: "https://pub.dev"
    source: hosted
    version: "4.2.1"
  just_audio_web:
    dependency: transitive
    description:
      name: just_audio_web
      sha256: ff62f733f437b25a0ff590f0e295fa5441dcb465f1edbdb33b3dea264705bc13
      url: "https://pub.dev"
    source: hosted
    version: "0.4.8"
  logging:
    dependency: transitive
    description:
      name: logging
      sha256: "623a88c9594aa774443aa3eb2d41807a48486b5613e67599fb4c41c0ad47c340"
      url: "https://pub.dev"
    source: hosted
    version: "1.2.0"
  matcher:
    dependency: transitive
    description:
      name: matcher
      sha256: "6501fbd55da300384b768785b83e5ce66991266cec21af89ab9ae7f5ce1c4cbb"
      url: "https://pub.dev"
    source: hosted
    version: "0.12.15"
  material_color_utilities:
    dependency: transitive
    description:
      name: material_color_utilities
      sha256: d92141dc6fe1dad30722f9aa826c7fbc896d021d792f80678280601aff8cf724
      url: "https://pub.dev"
    source: hosted
    version: "0.2.0"
  meta:
    dependency: "direct main"
    description:
      name: meta
      sha256: "3c74dbf8763d36539f114c799d8a2d87343b5067e9d796ca22b5eb8437090ee3"
      url: "https://pub.dev"
    source: hosted
    version: "1.9.1"
  mime:
    dependency: transitive
    description:
      name: mime
      sha256: e4ff8e8564c03f255408decd16e7899da1733852a9110a58fe6d1b817684a63e
      url: "https://pub.dev"
    source: hosted
    version: "1.0.4"
  nested:
    dependency: transitive
    description:
      name: nested
      sha256: "03bac4c528c64c95c722ec99280375a6f2fc708eec17c7b3f07253b626cd2a20"
      url: "https://pub.dev"
    source: hosted
    version: "1.0.0"
  nm:
    dependency: transitive
    description:
      name: nm
      sha256: "2c9aae4127bdc8993206464fcc063611e0e36e72018696cd9631023a31b24254"
      url: "https://pub.dev"
    source: hosted
    version: "0.5.0"
  numberpicker:
    dependency: "direct main"
    description:
      name: numberpicker
      sha256: "4c129154944b0f6b133e693f8749c3f8bfb67c4d07ef9dcab48b595c22d1f156"
      url: "https://pub.dev"
    source: hosted
    version: "2.1.2"
  oauth2:
    dependency: transitive
    description:
      name: oauth2
      sha256: c4013ef62be37744efdc0861878fd9e9285f34db1f9e331cc34100d7674feb42
      url: "https://pub.dev"
    source: hosted
    version: "2.0.2"
  os_detect:
    dependency: transitive
    description:
      name: os_detect
      sha256: faf3bcf39515e64da8ff76b2f2805b20a6ff47ae515393e535f8579ff91d6b7f
      url: "https://pub.dev"
    source: hosted
    version: "2.0.1"
  package_info_plus:
    dependency: transitive
    description:
      name: package_info_plus
      sha256: ceb027f6bc6a60674a233b4a90a7658af1aebdea833da0b5b53c1e9821a78c7b
      url: "https://pub.dev"
    source: hosted
    version: "4.0.2"
  package_info_plus_platform_interface:
    dependency: transitive
    description:
      name: package_info_plus_platform_interface
      sha256: "9bc8ba46813a4cc42c66ab781470711781940780fd8beddd0c3da62506d3a6c6"
      url: "https://pub.dev"
    source: hosted
    version: "2.0.1"
  path:
    dependency: "direct main"
    description:
      name: path
      sha256: "8829d8a55c13fc0e37127c29fedf290c102f4e40ae94ada574091fe0ff96c917"
      url: "https://pub.dev"
    source: hosted
    version: "1.8.3"
  path_drawing:
    dependency: transitive
    description:
      name: path_drawing
      sha256: bbb1934c0cbb03091af082a6389ca2080345291ef07a5fa6d6e078ba8682f977
      url: "https://pub.dev"
    source: hosted
    version: "1.0.1"
  path_parsing:
    dependency: transitive
    description:
      name: path_parsing
      sha256: e3e67b1629e6f7e8100b367d3db6ba6af4b1f0bb80f64db18ef1fbabd2fa9ccf
      url: "https://pub.dev"
    source: hosted
    version: "1.0.1"
  path_provider:
    dependency: "direct main"
    description:
      name: path_provider
      sha256: "3087813781ab814e4157b172f1a11c46be20179fcc9bea043e0fba36bc0acaa2"
      url: "https://pub.dev"
    source: hosted
    version: "2.0.15"
  path_provider_android:
    dependency: transitive
    description:
      name: path_provider_android
      sha256: "2cec049d282c7f13c594b4a73976b0b4f2d7a1838a6dd5aaf7bd9719196bee86"
      url: "https://pub.dev"
    source: hosted
    version: "2.0.27"
  path_provider_foundation:
    dependency: transitive
    description:
      name: path_provider_foundation
      sha256: "1995d88ec2948dac43edf8fe58eb434d35d22a2940ecee1a9fefcd62beee6eb3"
      url: "https://pub.dev"
    source: hosted
    version: "2.2.3"
  path_provider_linux:
    dependency: transitive
    description:
      name: path_provider_linux
      sha256: ffbb8cc9ed2c9ec0e4b7a541e56fd79b138e8f47d2fb86815f15358a349b3b57
      url: "https://pub.dev"
    source: hosted
    version: "2.1.11"
  path_provider_platform_interface:
    dependency: transitive
    description:
      name: path_provider_platform_interface
      sha256: "57585299a729335f1298b43245842678cb9f43a6310351b18fb577d6e33165ec"
      url: "https://pub.dev"
    source: hosted
    version: "2.0.6"
  path_provider_windows:
    dependency: transitive
    description:
      name: path_provider_windows
      sha256: "1cb68ba4cd3a795033de62ba1b7b4564dace301f952de6bfb3cd91b202b6ee96"
      url: "https://pub.dev"
    source: hosted
    version: "2.1.7"
  pay:
    dependency: "direct main"
    description:
      name: pay
      sha256: "0edf4d43a96971cac312b57a2acb86eacee386509037f58af8b4058a5c21b8bb"
      url: "https://pub.dev"
    source: hosted
    version: "1.1.0"
  pay_android:
    dependency: transitive
    description:
      name: pay_android
      sha256: "13c9b0fd79e6e7afc674f09762e05e9856dd4ace6c315c5e331042ee1c1ea666"
      url: "https://pub.dev"
    source: hosted
    version: "1.0.9"
  pay_ios:
    dependency: transitive
    description:
      name: pay_ios
      sha256: "04c12e73d404e69f8a6e3cc0a3261d0b3980007a7bd6a2de2940b856d3de9d4c"
      url: "https://pub.dev"
    source: hosted
    version: "1.0.8"
  pay_platform_interface:
    dependency: transitive
    description:
      name: pay_platform_interface
      sha256: "12580f960066855d4821c4eaf2ef77093c0b20bce623db33104f76db16642e3b"
      url: "https://pub.dev"
    source: hosted
    version: "1.0.3"
  permission_handler:
    dependency: "direct main"
    description:
      name: permission_handler
      sha256: "415af30ba76a84faccfe1eb251fe1e4fdc790f876924c65ad7d6ed7a1404bcd6"
      url: "https://pub.dev"
    source: hosted
    version: "10.4.2"
  permission_handler_android:
    dependency: transitive
    description:
      name: permission_handler_android
      sha256: "3b61f3da3b1c83bc3fb6a2b431e8dab01d0e5b45f6a3d9c7609770ec88b2a89e"
      url: "https://pub.dev"
    source: hosted
    version: "10.3.0"
  permission_handler_apple:
    dependency: transitive
    description:
      name: permission_handler_apple
      sha256: "7a187b671a39919462af2b5e813148365b71a615979165a119868d667fe90c03"
      url: "https://pub.dev"
    source: hosted
    version: "9.1.3"
  permission_handler_platform_interface:
    dependency: transitive
    description:
      name: permission_handler_platform_interface
      sha256: "463a07cb7cc6c758a7a1c7da36ce666bb80a0b4b5e92df0fa36872e0ed456993"
      url: "https://pub.dev"
    source: hosted
    version: "3.11.1"
  permission_handler_windows:
    dependency: transitive
    description:
      name: permission_handler_windows
      sha256: cc074aace208760f1eee6aa4fae766b45d947df85bc831cde77009cdb4720098
      url: "https://pub.dev"
    source: hosted
    version: "0.1.3"
  petitparser:
    dependency: transitive
    description:
      name: petitparser
      sha256: cb3798bef7fc021ac45b308f4b51208a152792445cce0448c9a4ba5879dd8750
      url: "https://pub.dev"
    source: hosted
    version: "5.4.0"
  platform:
    dependency: transitive
    description:
      name: platform
      sha256: "4a451831508d7d6ca779f7ac6e212b4023dd5a7d08a27a63da33756410e32b76"
      url: "https://pub.dev"
    source: hosted
    version: "3.1.0"
  plugin_platform_interface:
    dependency: transitive
    description:
      name: plugin_platform_interface
      sha256: "6a2128648c854906c53fa8e33986fc0247a1116122f9534dd20e3ab9e16a32bc"
      url: "https://pub.dev"
    source: hosted
    version: "2.1.4"
  pointycastle:
    dependency: transitive
    description:
      name: pointycastle
      sha256: "7c1e5f0d23c9016c5bbd8b1473d0d3fb3fc851b876046039509e18e0c7485f2c"
      url: "https://pub.dev"
    source: hosted
    version: "3.7.3"
  pro_animated_blur:
    dependency: "direct main"
    description:
      name: pro_animated_blur
      sha256: "2a4506266b743939758425a6ac28d249365ccdf3d7fc159675832c3c156d8300"
      url: "https://pub.dev"
    source: hosted
    version: "0.0.2+1"
  process:
    dependency: transitive
    description:
      name: process
      sha256: "53fd8db9cec1d37b0574e12f07520d582019cb6c44abf5479a01505099a34a09"
      url: "https://pub.dev"
    source: hosted
    version: "4.2.4"
  provider:
    dependency: "direct main"
    description:
      name: provider
      sha256: cdbe7530b12ecd9eb455bdaa2fcb8d4dad22e80b8afb4798b41479d5ce26847f
      url: "https://pub.dev"
    source: hosted
    version: "6.0.5"
  receive_sharing_intent:
    dependency: "direct main"
    description:
      name: receive_sharing_intent
      sha256: "912bebb551bce75a14098891fd750305b30d53eba0d61cc70cd9973be9866e8d"
      url: "https://pub.dev"
    source: hosted
    version: "1.4.5"
  retry:
    dependency: transitive
    description:
      name: retry
      sha256: "822e118d5b3aafed083109c72d5f484c6dc66707885e07c0fbcb8b986bba7efc"
      url: "https://pub.dev"
    source: hosted
    version: "3.1.2"
  rxdart:
    dependency: transitive
    description:
      name: rxdart
      sha256: "0c7c0cedd93788d996e33041ffecda924cc54389199cde4e6a34b440f50044cb"
      url: "https://pub.dev"
    source: hosted
    version: "0.27.7"
  shared_preferences:
    dependency: "direct main"
    description:
      name: shared_preferences
      sha256: "0344316c947ffeb3a529eac929e1978fcd37c26be4e8468628bac399365a3ca1"
      url: "https://pub.dev"
    source: hosted
    version: "2.2.0"
  shared_preferences_android:
    dependency: transitive
    description:
      name: shared_preferences_android
      sha256: fe8401ec5b6dcd739a0fe9588802069e608c3fdbfd3c3c93e546cf2f90438076
      url: "https://pub.dev"
    source: hosted
    version: "2.2.0"
  shared_preferences_foundation:
    dependency: transitive
    description:
      name: shared_preferences_foundation
      sha256: b046999bf0ff58f04c364491bb803dcfa8f42e47b19c75478f53d323684a8cc1
      url: "https://pub.dev"
    source: hosted
    version: "2.3.1"
  shared_preferences_linux:
    dependency: transitive
    description:
      name: shared_preferences_linux
      sha256: "71d6806d1449b0a9d4e85e0c7a917771e672a3d5dc61149cc9fac871115018e1"
      url: "https://pub.dev"
    source: hosted
    version: "2.3.0"
  shared_preferences_platform_interface:
    dependency: transitive
    description:
      name: shared_preferences_platform_interface
      sha256: "23b052f17a25b90ff2b61aad4cc962154da76fb62848a9ce088efe30d7c50ab1"
      url: "https://pub.dev"
    source: hosted
    version: "2.3.0"
  shared_preferences_web:
    dependency: transitive
    description:
      name: shared_preferences_web
      sha256: "7347b194fb0bbeb4058e6a4e87ee70350b6b2b90f8ac5f8bd5b3a01548f6d33a"
      url: "https://pub.dev"
    source: hosted
    version: "2.2.0"
  shared_preferences_windows:
    dependency: transitive
    description:
      name: shared_preferences_windows
      sha256: f95e6a43162bce43c9c3405f3eb6f39e5b5d11f65fab19196cf8225e2777624d
      url: "https://pub.dev"
    source: hosted
    version: "2.3.0"
  shelf:
    dependency: transitive
    description:
      name: shelf
      sha256: ad29c505aee705f41a4d8963641f91ac4cee3c8fad5947e033390a7bd8180fa4
      url: "https://pub.dev"
    source: hosted
    version: "1.4.1"
  sky_engine:
    dependency: transitive
    description: flutter
    source: sdk
    version: "0.0.99"
  sliding_up_panel:
    dependency: "direct main"
    description:
      name: sliding_up_panel
      sha256: "578e90956a6212d1e406373250b2436a0f3afece29aee3c24c8360094d6cf968"
      url: "https://pub.dev"
    source: hosted
    version: "2.0.0+1"
  smithy:
    dependency: transitive
    description:
      name: smithy
      sha256: "0be0c6e84fc2fb124dd54d85241957bbcdb1858723318ef9ba1343e87ab8c0ce"
      url: "https://pub.dev"
    source: hosted
    version: "0.5.0+3"
  smithy_aws:
    dependency: transitive
    description:
      name: smithy_aws
      sha256: e61d6367131f3c534942e071776949f4e2553e9aa8ac8f5853d8a49b7e064dfd
      url: "https://pub.dev"
    source: hosted
    version: "0.5.0+3"
  smooth_page_indicator:
    dependency: "direct main"
    description:
      name: smooth_page_indicator
      sha256: "725bc638d5e79df0c84658e1291449996943f93bacbc2cec49963dbbab48d8ae"
      url: "https://pub.dev"
    source: hosted
    version: "1.1.0"
  source_span:
    dependency: transitive
    description:
      name: source_span
      sha256: dd904f795d4b4f3b870833847c461801f6750a9fa8e61ea5ac53f9422b31f250
      url: "https://pub.dev"
    source: hosted
    version: "1.9.1"
  sqlite3:
    dependency: transitive
    description:
      name: sqlite3
      sha256: f7511ddd6a2dda8ded9d849f8a925bb6020e0faa59db2443debc18d484e59401
      url: "https://pub.dev"
    source: hosted
    version: "2.0.0"
  stack_trace:
    dependency: transitive
    description:
      name: stack_trace
      sha256: c3c7d8edb15bee7f0f74debd4b9c5f3c2ea86766fe4178eb2a18eb30a0bdaed5
      url: "https://pub.dev"
    source: hosted
    version: "1.11.0"
  stream_channel:
    dependency: transitive
    description:
      name: stream_channel
      sha256: "83615bee9045c1d322bbbd1ba209b7a749c2cbcdcb3fdd1df8eb488b3279c1c8"
      url: "https://pub.dev"
    source: hosted
    version: "2.1.1"
  stream_transform:
    dependency: transitive
    description:
      name: stream_transform
      sha256: "14a00e794c7c11aa145a170587321aedce29769c08d7f58b1d141da75e3b1c6f"
      url: "https://pub.dev"
    source: hosted
    version: "2.1.0"
  string_scanner:
    dependency: transitive
    description:
      name: string_scanner
      sha256: "556692adab6cfa87322a115640c11f13cb77b3f076ddcc5d6ae3c20242bedcde"
      url: "https://pub.dev"
    source: hosted
    version: "1.2.0"
  term_glyph:
    dependency: transitive
    description:
      name: term_glyph
      sha256: a29248a84fbb7c79282b40b8c72a1209db169a2e0542bce341da992fe1bc7e84
      url: "https://pub.dev"
    source: hosted
    version: "1.2.1"
  test_api:
    dependency: transitive
    description:
      name: test_api
      sha256: eb6ac1540b26de412b3403a163d919ba86f6a973fe6cc50ae3541b80092fdcfb
      url: "https://pub.dev"
    source: hosted
    version: "0.5.1"
  tuple:
    dependency: transitive
    description:
      name: tuple
      sha256: a97ce2013f240b2f3807bcbaf218765b6f301c3eff91092bcfa23a039e7dd151
      url: "https://pub.dev"
    source: hosted
    version: "2.0.2"
  typed_data:
    dependency: transitive
    description:
      name: typed_data
      sha256: facc8d6582f16042dd49f2463ff1bd6e2c9ef9f3d5da3d9b087e244a7b564b3c
      url: "https://pub.dev"
    source: hosted
    version: "1.3.2"
  url_launcher:
    dependency: "direct main"
    description:
      name: url_launcher
      sha256: "781bd58a1eb16069412365c98597726cd8810ae27435f04b3b4d3a470bacd61e"
      url: "https://pub.dev"
    source: hosted
    version: "6.1.12"
  url_launcher_android:
    dependency: transitive
    description:
      name: url_launcher_android
      sha256: "15f5acbf0dce90146a0f5a2c4a002b1814a6303c4c5c075aa2623b2d16156f03"
      url: "https://pub.dev"
    source: hosted
    version: "6.0.36"
  url_launcher_ios:
    dependency: transitive
    description:
      name: url_launcher_ios
      sha256: "9af7ea73259886b92199f9e42c116072f05ff9bea2dcb339ab935dfc957392c2"
      url: "https://pub.dev"
    source: hosted
    version: "6.1.4"
  url_launcher_linux:
    dependency: transitive
    description:
      name: url_launcher_linux
      sha256: "207f4ddda99b95b4d4868320a352d374b0b7e05eefad95a4a26f57da413443f5"
      url: "https://pub.dev"
    source: hosted
    version: "3.0.5"
  url_launcher_macos:
    dependency: transitive
    description:
      name: url_launcher_macos
      sha256: "91ee3e75ea9dadf38036200c5d3743518f4a5eb77a8d13fda1ee5764373f185e"
      url: "https://pub.dev"
    source: hosted
    version: "3.0.5"
  url_launcher_platform_interface:
    dependency: transitive
    description:
      name: url_launcher_platform_interface
      sha256: bfdfa402f1f3298637d71ca8ecfe840b4696698213d5346e9d12d4ab647ee2ea
      url: "https://pub.dev"
    source: hosted
    version: "2.1.3"
  url_launcher_web:
    dependency: transitive
    description:
      name: url_launcher_web
      sha256: cc26720eefe98c1b71d85f9dc7ef0cada5132617046369d9dc296b3ecaa5cbb4
      url: "https://pub.dev"
    source: hosted
    version: "2.0.18"
  url_launcher_windows:
    dependency: transitive
    description:
      name: url_launcher_windows
      sha256: "7967065dd2b5fccc18c653b97958fdf839c5478c28e767c61ee879f4e7882422"
      url: "https://pub.dev"
    source: hosted
    version: "3.0.7"
  uuid:
    dependency: transitive
    description:
      name: uuid
      sha256: "648e103079f7c64a36dc7d39369cabb358d377078a051d6ae2ad3aa539519313"
      url: "https://pub.dev"
    source: hosted
    version: "3.0.7"
  vector_math:
    dependency: transitive
    description:
      name: vector_math
      sha256: "80b3257d1492ce4d091729e3a67a60407d227c27241d6927be0130c98e741803"
      url: "https://pub.dev"
    source: hosted
    version: "2.1.4"
  web_socket_channel:
    dependency: transitive
    description:
      name: web_socket_channel
      sha256: d88238e5eac9a42bb43ca4e721edba3c08c6354d4a53063afaa568516217621b
      url: "https://pub.dev"
    source: hosted
    version: "2.4.0"
  win32:
    dependency: transitive
    description:
      name: win32
      sha256: dfdf0136e0aa7a1b474ea133e67cb0154a0acd2599c4f3ada3b49d38d38793ee
      url: "https://pub.dev"
    source: hosted
    version: "5.0.5"
  win32_registry:
    dependency: transitive
    description:
      name: win32_registry
      sha256: e4506d60b7244251bc59df15656a3093501c37fb5af02105a944d73eb95be4c9
      url: "https://pub.dev"
    source: hosted
    version: "1.1.1"
  worker_bee:
    dependency: transitive
    description:
      name: worker_bee
      sha256: "4ad7a078ca9f75fddfce65598e1134ad1af7c133b1ba1a99da114c096b183cad"
      url: "https://pub.dev"
    source: hosted
    version: "0.2.0+2"
  xdg_directories:
    dependency: transitive
    description:
      name: xdg_directories
      sha256: ee1505df1426458f7f60aac270645098d318a8b4766d85fde75f76f2e21807d1
      url: "https://pub.dev"
    source: hosted
    version: "1.0.0"
  xml:
    dependency: transitive
    description:
      name: xml
      sha256: "5bc72e1e45e941d825fd7468b9b4cc3b9327942649aeb6fc5cdbf135f0a86e84"
      url: "https://pub.dev"
    source: hosted
    version: "6.3.0"
  yaml:
    dependency: transitive
    description:
      name: yaml
      sha256: "75769501ea3489fca56601ff33454fe45507ea3bfb014161abc3b43ae25989d5"
      url: "https://pub.dev"
    source: hosted
    version: "3.1.2"
sdks:
  dart: ">=3.0.0 <4.0.0"
  flutter: ">=3.10.0"
